{
    "_readme": [
        "This file locks the dependencies of your project to a known state",
        "Read more about it at https://getcomposer.org/doc/01-basic-usage.md#composer-lock-the-lock-file",
        "This file is @generated automatically"
    ],
    "hash": "aed1b90f789bf9f9eab58e99593a8012",
    "content-hash": "dfbf8c4d57904d15afed88208e12d2ad",
    "packages": [
        {
            "name": "boooklet/tester",
            "version": "dev-master",
            "source": {
                "type": "git",
                "url": "https://github.com/boooklet/tester.git",
                "reference": "44fc428285179bdb6575b530ef85a5eaa5aeae79"
            },
            "dist": {
                "type": "zip",
                "url": "https://api.github.com/repos/boooklet/tester/zipball/44fc428285179bdb6575b530ef85a5eaa5aeae79",
                "reference": "44fc428285179bdb6575b530ef85a5eaa5aeae79",
                "shasum": ""
            },
            "require": {
                "php": ">=5.3.0"
            },
            "type": "library",
            "autoload": {
                "classmap": [
                    "src",
                    "src/concerns"
                ]
            },
            "notification-url": "https://packagist.org/downloads/",
            "description": "Test library",
            "time": "2018-06-07 12:34:21"
        }
    ],
    "packages-dev": [],
    "aliases": [],
    "minimum-stability": "stable",
    "stability-flags": {
        "boooklet/tester": 20
    },
    "prefer-stable": false,
    "prefer-lowest": false,
    "platform": [],
    "platform-dev": []
}
